
Microsoft Visual Studio Solution File, Format Version 12.00
# Visual Studio 14
VisualStudioVersion = 14.0.25123.0
MinimumVisualStudioVersion = 10.0.40219.1
Project("{FAE04EC0-301F-11D3-BF4B-00C04F79EFBC}") = "RealmXamarinSample", "RealmXamarinSample\RealmXamarinSample\RealmXamarinSample.csproj", "{B63D2027-DE94-4128-A9C0-1ABD2732FDBD}"
EndProject
Project("{FAE04EC0-301F-11D3-BF4B-00C04F79EFBC}") = "RealmXamarinSample.Droid", "RealmXamarinSample\RealmXamarinSample.Droid\RealmXamarinSample.Droid.csproj", "{85E544C2-4FB0-43BD-8017-37BF57E6DC35}"
EndProject
Project("{FAE04EC0-301F-11D3-BF4B-00C04F79EFBC}") = "RealmXamarinSample.iOS", "RealmXamarinSample\RealmXamarinSample.iOS\RealmXamarinSample.iOS.csproj", "{05A3087D-93C9-44C2-AB17-4B37C72F2C10}"
EndProject
Project("{FAE04EC0-301F-11D3-BF4B-00C04F79EFBC}") = "RealmXamarinSample.UWP", "RealmXamarinSample\RealmXamarinSample.UWP\RealmXamarinSample.UWP.csproj", "{7366ACCE-59BC-48A3-B429-5A98E3A7C34C}"
EndProject
Global
	GlobalSection(SolutionConfigurationPlatforms) = preSolution
		Ad-Hoc|Any CPU = Ad-Hoc|Any CPU
		Ad-Hoc|ARM = Ad-Hoc|ARM
		Ad-Hoc|iPhone = Ad-Hoc|iPhone
		Ad-Hoc|iPhoneSimulator = Ad-Hoc|iPhoneSimulator
		Ad-Hoc|x64 = Ad-Hoc|x64
		Ad-Hoc|x86 = Ad-Hoc|x86
		AppStore|Any CPU = AppStore|Any CPU
		AppStore|ARM = AppStore|ARM
		AppStore|iPhone = AppStore|iPhone
		AppStore|iPhoneSimulator = AppStore|iPhoneSimulator
		AppStore|x64 = AppStore|x64
		AppStore|x86 = AppStore|x86
		Debug|Any CPU = Debug|Any CPU
		Debug|ARM = Debug|ARM
		Debug|iPhone = Debug|iPhone
		Debug|iPhoneSimulator = Debug|iPhoneSimulator
		Debug|x64 = Debug|x64
		Debug|x86 = Debug|x86
		Release|Any CPU = Release|Any CPU
		Release|ARM = Release|ARM
		Release|iPhone = Release|iPhone
		Release|iPhoneSimulator = Release|iPhoneSimulator
		Release|x64 = Release|x64
		Release|x86 = Release|x86
	EndGlobalSection
	GlobalSection(ProjectConfigurationPlatforms) = postSolution
		{B63D2027-DE94-4128-A9C0-1ABD2732FDBD}.Ad-Hoc|Any CPU.ActiveCfg = Release|Any CPU
		{B63D2027-DE94-4128-A9C0-1ABD2732FDBD}.Ad-Hoc|Any CPU.Build.0 = Release|Any CPU
		{B63D2027-DE94-4128-A9C0-1ABD2732FDBD}.Ad-Hoc|ARM.ActiveCfg = Release|Any CPU
		{B63D2027-DE94-4128-A9C0-1ABD2732FDBD}.Ad-Hoc|ARM.Build.0 = Release|Any CPU
		{B63D2027-DE94-4128-A9C0-1ABD2732FDBD}.Ad-Hoc|iPhone.ActiveCfg = Release|Any CPU
		{B63D2027-DE94-4128-A9C0-1ABD2732FDBD}.Ad-Hoc|iPhone.Build.0 = Release|Any CPU
		{B63D2027-DE94-4128-A9C0-1ABD2732FDBD}.Ad-Hoc|iPhoneSimulator.ActiveCfg = Release|Any CPU
		{B63D2027-DE94-4128-A9C0-1ABD2732FDBD}.Ad-Hoc|iPhoneSimulator.Build.0 = Release|Any CPU
		{B63D2027-DE94-4128-A9C0-1ABD2732FDBD}.Ad-Hoc|x64.ActiveCfg = Release|Any CPU
		{B63D2027-DE94-4128-A9C0-1ABD2732FDBD}.Ad-Hoc|x64.Build.0 = Release|Any CPU
		{B63D2027-DE94-4128-A9C0-1ABD2732FDBD}.Ad-Hoc|x86.ActiveCfg = Release|Any CPU
		{B63D2027-DE94-4128-A9C0-1ABD2732FDBD}.Ad-Hoc|x86.Build.0 = Release|Any CPU
		{B63D2027-DE94-4128-A9C0-1ABD2732FDBD}.AppStore|Any CPU.ActiveCfg = Release|Any CPU
		{B63D2027-DE94-4128-A9C0-1ABD2732FDBD}.AppStore|Any CPU.Build.0 = Release|Any CPU
		{B63D2027-DE94-4128-A9C0-1ABD2732FDBD}.AppStore|ARM.ActiveCfg = Release|Any CPU
		{B63D2027-DE94-4128-A9C0-1ABD2732FDBD}.AppStore|ARM.Build.0 = Release|Any CPU
		{B63D2027-DE94-4128-A9C0-1ABD2732FDBD}.AppStore|iPhone.ActiveCfg = Release|Any CPU
		{B63D2027-DE94-4128-A9C0-1ABD2732FDBD}.AppStore|iPhone.Build.0 = Release|Any CPU
		{B63D2027-DE94-4128-A9C0-1ABD2732FDBD}.AppStore|iPhoneSimulator.ActiveCfg = Release|Any CPU
		{B63D2027-DE94-4128-A9C0-1ABD2732FDBD}.AppStore|iPhoneSimulator.Build.0 = Release|Any CPU
		{B63D2027-DE94-4128-A9C0-1ABD2732FDBD}.AppStore|x64.ActiveCfg = Release|Any CPU
		{B63D2027-DE94-4128-A9C0-1ABD2732FDBD}.AppStore|x64.Build.0 = Release|Any CPU
		{B63D2027-DE94-4128-A9C0-1ABD2732FDBD}.AppStore|x86.ActiveCfg = Release|Any CPU
		{B63D2027-DE94-4128-A9C0-1ABD2732FDBD}.AppStore|x86.Build.0 = Release|Any CPU
		{B63D2027-DE94-4128-A9C0-1ABD2732FDBD}.Debug|Any CPU.ActiveCfg = Debug|Any CPU
		{B63D2027-DE94-4128-A9C0-1ABD2732FDBD}.Debug|Any CPU.Build.0 = Debug|Any CPU
		{B63D2027-DE94-4128-A9C0-1ABD2732FDBD}.Debug|ARM.ActiveCfg = Debug|Any CPU
		{B63D2027-DE94-4128-A9C0-1ABD2732FDBD}.Debug|ARM.Build.0 = Debug|Any CPU
		{B63D2027-DE94-4128-A9C0-1ABD2732FDBD}.Debug|iPhone.ActiveCfg = Debug|Any CPU
		{B63D2027-DE94-4128-A9C0-1ABD2732FDBD}.Debug|iPhone.Build.0 = Debug|Any CPU
		{B63D2027-DE94-4128-A9C0-1ABD2732FDBD}.Debug|iPhoneSimulator.ActiveCfg = Debug|Any CPU
		{B63D2027-DE94-4128-A9C0-1ABD2732FDBD}.Debug|iPhoneSimulator.Build.0 = Debug|Any CPU
		{B63D2027-DE94-4128-A9C0-1ABD2732FDBD}.Debug|x64.ActiveCfg = Debug|Any CPU
		{B63D2027-DE94-4128-A9C0-1ABD2732FDBD}.Debug|x64.Build.0 = Debug|Any CPU
		{B63D2027-DE94-4128-A9C0-1ABD2732FDBD}.Debug|x86.ActiveCfg = Debug|Any CPU
		{B63D2027-DE94-4128-A9C0-1ABD2732FDBD}.Debug|x86.Build.0 = Debug|Any CPU
		{B63D2027-DE94-4128-A9C0-1ABD2732FDBD}.Release|Any CPU.ActiveCfg = Release|Any CPU
		{B63D2027-DE94-4128-A9C0-1ABD2732FDBD}.Release|Any CPU.Build.0 = Release|Any CPU
		{B63D2027-DE94-4128-A9C0-1ABD2732FDBD}.Release|ARM.ActiveCfg = Release|Any CPU
		{B63D2027-DE94-4128-A9C0-1ABD2732FDBD}.Release|ARM.Build.0 = Release|Any CPU
		{B63D2027-DE94-4128-A9C0-1ABD2732FDBD}.Release|iPhone.ActiveCfg = Release|Any CPU
		{B63D2027-DE94-4128-A9C0-1ABD2732FDBD}.Release|iPhone.Build.0 = Release|Any CPU
		{B63D2027-DE94-4128-A9C0-1ABD2732FDBD}.Release|iPhoneSimulator.ActiveCfg = Release|Any CPU
		{B63D2027-DE94-4128-A9C0-1ABD2732FDBD}.Release|iPhoneSimulator.Build.0 = Release|Any CPU
		{B63D2027-DE94-4128-A9C0-1ABD2732FDBD}.Release|x64.ActiveCfg = Release|Any CPU
		{B63D2027-DE94-4128-A9C0-1ABD2732FDBD}.Release|x64.Build.0 = Release|Any CPU
		{B63D2027-DE94-4128-A9C0-1ABD2732FDBD}.Release|x86.ActiveCfg = Release|Any CPU
		{B63D2027-DE94-4128-A9C0-1ABD2732FDBD}.Release|x86.Build.0 = Release|Any CPU
		{85E544C2-4FB0-43BD-8017-37BF57E6DC35}.Ad-Hoc|Any CPU.ActiveCfg = Release|Any CPU
		{85E544C2-4FB0-43BD-8017-37BF57E6DC35}.Ad-Hoc|Any CPU.Build.0 = Release|Any CPU
		{85E544C2-4FB0-43BD-8017-37BF57E6DC35}.Ad-Hoc|Any CPU.Deploy.0 = Release|Any CPU
		{85E544C2-4FB0-43BD-8017-37BF57E6DC35}.Ad-Hoc|ARM.ActiveCfg = Release|Any CPU
		{85E544C2-4FB0-43BD-8017-37BF57E6DC35}.Ad-Hoc|ARM.Build.0 = Release|Any CPU
		{85E544C2-4FB0-43BD-8017-37BF57E6DC35}.Ad-Hoc|ARM.Deploy.0 = Release|Any CPU
		{85E544C2-4FB0-43BD-8017-37BF57E6DC35}.Ad-Hoc|iPhone.ActiveCfg = Release|Any CPU
		{85E544C2-4FB0-43BD-8017-37BF57E6DC35}.Ad-Hoc|iPhone.Build.0 = Release|Any CPU
		{85E544C2-4FB0-43BD-8017-37BF57E6DC35}.Ad-Hoc|iPhone.Deploy.0 = Release|Any CPU
		{85E544C2-4FB0-43BD-8017-37BF57E6DC35}.Ad-Hoc|iPhoneSimulator.ActiveCfg = Release|Any CPU
		{85E544C2-4FB0-43BD-8017-37BF57E6DC35}.Ad-Hoc|iPhoneSimulator.Build.0 = Release|Any CPU
		{85E544C2-4FB0-43BD-8017-37BF57E6DC35}.Ad-Hoc|iPhoneSimulator.Deploy.0 = Release|Any CPU
		{85E544C2-4FB0-43BD-8017-37BF57E6DC35}.Ad-Hoc|x64.ActiveCfg = Release|Any CPU
		{85E544C2-4FB0-43BD-8017-37BF57E6DC35}.Ad-Hoc|x64.Build.0 = Release|Any CPU
		{85E544C2-4FB0-43BD-8017-37BF57E6DC35}.Ad-Hoc|x64.Deploy.0 = Release|Any CPU
		{85E544C2-4FB0-43BD-8017-37BF57E6DC35}.Ad-Hoc|x86.ActiveCfg = Release|Any CPU
		{85E544C2-4FB0-43BD-8017-37BF57E6DC35}.Ad-Hoc|x86.Build.0 = Release|Any CPU
		{85E544C2-4FB0-43BD-8017-37BF57E6DC35}.Ad-Hoc|x86.Deploy.0 = Release|Any CPU
		{85E544C2-4FB0-43BD-8017-37BF57E6DC35}.AppStore|Any CPU.ActiveCfg = Release|Any CPU
		{85E544C2-4FB0-43BD-8017-37BF57E6DC35}.AppStore|Any CPU.Build.0 = Release|Any CPU
		{85E544C2-4FB0-43BD-8017-37BF57E6DC35}.AppStore|Any CPU.Deploy.0 = Release|Any CPU
		{85E544C2-4FB0-43BD-8017-37BF57E6DC35}.AppStore|ARM.ActiveCfg = Release|Any CPU
		{85E544C2-4FB0-43BD-8017-37BF57E6DC35}.AppStore|ARM.Build.0 = Release|Any CPU
		{85E544C2-4FB0-43BD-8017-37BF57E6DC35}.AppStore|ARM.Deploy.0 = Release|Any CPU
		{85E544C2-4FB0-43BD-8017-37BF57E6DC35}.AppStore|iPhone.ActiveCfg = Release|Any CPU
		{85E544C2-4FB0-43BD-8017-37BF57E6DC35}.AppStore|iPhone.Build.0 = Release|Any CPU
		{85E544C2-4FB0-43BD-8017-37BF57E6DC35}.AppStore|iPhone.Deploy.0 = Release|Any CPU
		{85E544C2-4FB0-43BD-8017-37BF57E6DC35}.AppStore|iPhoneSimulator.ActiveCfg = Release|Any CPU
		{85E544C2-4FB0-43BD-8017-37BF57E6DC35}.AppStore|iPhoneSimulator.Build.0 = Release|Any CPU
		{85E544C2-4FB0-43BD-8017-37BF57E6DC35}.AppStore|iPhoneSimulator.Deploy.0 = Release|Any CPU
		{85E544C2-4FB0-43BD-8017-37BF57E6DC35}.AppStore|x64.ActiveCfg = Release|Any CPU
		{85E544C2-4FB0-43BD-8017-37BF57E6DC35}.AppStore|x64.Build.0 = Release|Any CPU
		{85E544C2-4FB0-43BD-8017-37BF57E6DC35}.AppStore|x64.Deploy.0 = Release|Any CPU
		{85E544C2-4FB0-43BD-8017-37BF57E6DC35}.AppStore|x86.ActiveCfg = Release|Any CPU
		{85E544C2-4FB0-43BD-8017-37BF57E6DC35}.AppStore|x86.Build.0 = Release|Any CPU
		{85E544C2-4FB0-43BD-8017-37BF57E6DC35}.AppStore|x86.Deploy.0 = Release|Any CPU
		{85E544C2-4FB0-43BD-8017-37BF57E6DC35}.Debug|Any CPU.ActiveCfg = Debug|Any CPU
		{85E544C2-4FB0-43BD-8017-37BF57E6DC35}.Debug|Any CPU.Build.0 = Debug|Any CPU
		{85E544C2-4FB0-43BD-8017-37BF57E6DC35}.Debug|Any CPU.Deploy.0 = Debug|Any CPU
		{85E544C2-4FB0-43BD-8017-37BF57E6DC35}.Debug|ARM.ActiveCfg = Debug|Any CPU
		{85E544C2-4FB0-43BD-8017-37BF57E6DC35}.Debug|ARM.Build.0 = Debug|Any CPU
		{85E544C2-4FB0-43BD-8017-37BF57E6DC35}.Debug|ARM.Deploy.0 = Debug|Any CPU
		{85E544C2-4FB0-43BD-8017-37BF57E6DC35}.Debug|iPhone.ActiveCfg = Debug|Any CPU
		{85E544C2-4FB0-43BD-8017-37BF57E6DC35}.Debug|iPhone.Build.0 = Debug|Any CPU
		{85E544C2-4FB0-43BD-8017-37BF57E6DC35}.Debug|iPhone.Deploy.0 = Debug|Any CPU
		{85E544C2-4FB0-43BD-8017-37BF57E6DC35}.Debug|iPhoneSimulator.ActiveCfg = Debug|Any CPU
		{85E544C2-4FB0-43BD-8017-37BF57E6DC35}.Debug|iPhoneSimulator.Build.0 = Debug|Any CPU
		{85E544C2-4FB0-43BD-8017-37BF57E6DC35}.Debug|iPhoneSimulator.Deploy.0 = Debug|Any CPU
		{85E544C2-4FB0-43BD-8017-37BF57E6DC35}.Debug|x64.ActiveCfg = Debug|Any CPU
		{85E544C2-4FB0-43BD-8017-37BF57E6DC35}.Debug|x64.Build.0 = Debug|Any CPU
		{85E544C2-4FB0-43BD-8017-37BF57E6DC35}.Debug|x64.Deploy.0 = Debug|Any CPU
		{85E544C2-4FB0-43BD-8017-37BF57E6DC35}.Debug|x86.ActiveCfg = Debug|Any CPU
		{85E544C2-4FB0-43BD-8017-37BF57E6DC35}.Debug|x86.Build.0 = Debug|Any CPU
		{85E544C2-4FB0-43BD-8017-37BF57E6DC35}.Debug|x86.Deploy.0 = Debug|Any CPU
		{85E544C2-4FB0-43BD-8017-37BF57E6DC35}.Release|Any CPU.ActiveCfg = Release|Any CPU
		{85E544C2-4FB0-43BD-8017-37BF57E6DC35}.Release|Any CPU.Build.0 = Release|Any CPU
		{85E544C2-4FB0-43BD-8017-37BF57E6DC35}.Release|Any CPU.Deploy.0 = Release|Any CPU
		{85E544C2-4FB0-43BD-8017-37BF57E6DC35}.Release|ARM.ActiveCfg = Release|Any CPU
		{85E544C2-4FB0-43BD-8017-37BF57E6DC35}.Release|ARM.Build.0 = Release|Any CPU
		{85E544C2-4FB0-43BD-8017-37BF57E6DC35}.Release|ARM.Deploy.0 = Release|Any CPU
		{85E544C2-4FB0-43BD-8017-37BF57E6DC35}.Release|iPhone.ActiveCfg = Release|Any CPU
		{85E544C2-4FB0-43BD-8017-37BF57E6DC35}.Release|iPhone.Build.0 = Release|Any CPU
		{85E544C2-4FB0-43BD-8017-37BF57E6DC35}.Release|iPhone.Deploy.0 = Release|Any CPU
		{85E544C2-4FB0-43BD-8017-37BF57E6DC35}.Release|iPhoneSimulator.ActiveCfg = Release|Any CPU
		{85E544C2-4FB0-43BD-8017-37BF57E6DC35}.Release|iPhoneSimulator.Build.0 = Release|Any CPU
		{85E544C2-4FB0-43BD-8017-37BF57E6DC35}.Release|iPhoneSimulator.Deploy.0 = Release|Any CPU
		{85E544C2-4FB0-43BD-8017-37BF57E6DC35}.Release|x64.ActiveCfg = Release|Any CPU
		{85E544C2-4FB0-43BD-8017-37BF57E6DC35}.Release|x64.Build.0 = Release|Any CPU
		{85E544C2-4FB0-43BD-8017-37BF57E6DC35}.Release|x64.Deploy.0 = Release|Any CPU
		{85E544C2-4FB0-43BD-8017-37BF57E6DC35}.Release|x86.ActiveCfg = Release|Any CPU
		{85E544C2-4FB0-43BD-8017-37BF57E6DC35}.Release|x86.Build.0 = Release|Any CPU
		{85E544C2-4FB0-43BD-8017-37BF57E6DC35}.Release|x86.Deploy.0 = Release|Any CPU
		{05A3087D-93C9-44C2-AB17-4B37C72F2C10}.Ad-Hoc|Any CPU.ActiveCfg = Ad-Hoc|iPhone
		{05A3087D-93C9-44C2-AB17-4B37C72F2C10}.Ad-Hoc|ARM.ActiveCfg = Ad-Hoc|iPhone
		{05A3087D-93C9-44C2-AB17-4B37C72F2C10}.Ad-Hoc|iPhone.ActiveCfg = Ad-Hoc|iPhone
		{05A3087D-93C9-44C2-AB17-4B37C72F2C10}.Ad-Hoc|iPhone.Build.0 = Ad-Hoc|iPhone
		{05A3087D-93C9-44C2-AB17-4B37C72F2C10}.Ad-Hoc|iPhoneSimulator.ActiveCfg = Ad-Hoc|iPhoneSimulator
		{05A3087D-93C9-44C2-AB17-4B37C72F2C10}.Ad-Hoc|iPhoneSimulator.Build.0 = Ad-Hoc|iPhoneSimulator
		{05A3087D-93C9-44C2-AB17-4B37C72F2C10}.Ad-Hoc|x64.ActiveCfg = Ad-Hoc|iPhone
		{05A3087D-93C9-44C2-AB17-4B37C72F2C10}.Ad-Hoc|x86.ActiveCfg = Ad-Hoc|iPhone
		{05A3087D-93C9-44C2-AB17-4B37C72F2C10}.AppStore|Any CPU.ActiveCfg = AppStore|iPhone
		{05A3087D-93C9-44C2-AB17-4B37C72F2C10}.AppStore|ARM.ActiveCfg = AppStore|iPhone
		{05A3087D-93C9-44C2-AB17-4B37C72F2C10}.AppStore|iPhone.ActiveCfg = AppStore|iPhone
		{05A3087D-93C9-44C2-AB17-4B37C72F2C10}.AppStore|iPhone.Build.0 = AppStore|iPhone
		{05A3087D-93C9-44C2-AB17-4B37C72F2C10}.AppStore|iPhoneSimulator.ActiveCfg = AppStore|iPhoneSimulator
		{05A3087D-93C9-44C2-AB17-4B37C72F2C10}.AppStore|iPhoneSimulator.Build.0 = AppStore|iPhoneSimulator
		{05A3087D-93C9-44C2-AB17-4B37C72F2C10}.AppStore|x64.ActiveCfg = AppStore|iPhone
		{05A3087D-93C9-44C2-AB17-4B37C72F2C10}.AppStore|x86.ActiveCfg = AppStore|iPhone
		{05A3087D-93C9-44C2-AB17-4B37C72F2C10}.Debug|Any CPU.ActiveCfg = Debug|iPhone
		{05A3087D-93C9-44C2-AB17-4B37C72F2C10}.Debug|ARM.ActiveCfg = Debug|iPhone
		{05A3087D-93C9-44C2-AB17-4B37C72F2C10}.Debug|iPhone.ActiveCfg = Debug|iPhone
		{05A3087D-93C9-44C2-AB17-4B37C72F2C10}.Debug|iPhone.Build.0 = Debug|iPhone
		{05A3087D-93C9-44C2-AB17-4B37C72F2C10}.Debug|iPhoneSimulator.ActiveCfg = Debug|iPhoneSimulator
		{05A3087D-93C9-44C2-AB17-4B37C72F2C10}.Debug|iPhoneSimulator.Build.0 = Debug|iPhoneSimulator
		{05A3087D-93C9-44C2-AB17-4B37C72F2C10}.Debug|x64.ActiveCfg = Debug|iPhone
		{05A3087D-93C9-44C2-AB17-4B37C72F2C10}.Debug|x86.ActiveCfg = Debug|iPhone
		{05A3087D-93C9-44C2-AB17-4B37C72F2C10}.Debug|x86.Build.0 = Debug|iPhone
		{05A3087D-93C9-44C2-AB17-4B37C72F2C10}.Release|Any CPU.ActiveCfg = Release|iPhone
		{05A3087D-93C9-44C2-AB17-4B37C72F2C10}.Release|ARM.ActiveCfg = Release|iPhone
		{05A3087D-93C9-44C2-AB17-4B37C72F2C10}.Release|iPhone.ActiveCfg = Release|iPhone
		{05A3087D-93C9-44C2-AB17-4B37C72F2C10}.Release|iPhone.Build.0 = Release|iPhone
		{05A3087D-93C9-44C2-AB17-4B37C72F2C10}.Release|iPhoneSimulator.ActiveCfg = Release|iPhoneSimulator
		{05A3087D-93C9-44C2-AB17-4B37C72F2C10}.Release|iPhoneSimulator.Build.0 = Release|iPhoneSimulator
		{05A3087D-93C9-44C2-AB17-4B37C72F2C10}.Release|x64.ActiveCfg = Release|iPhone
		{05A3087D-93C9-44C2-AB17-4B37C72F2C10}.Release|x86.ActiveCfg = Release|iPhone
		{7366ACCE-59BC-48A3-B429-5A98E3A7C34C}.Ad-Hoc|Any CPU.ActiveCfg = Release|x86
		{7366ACCE-59BC-48A3-B429-5A98E3A7C34C}.Ad-Hoc|Any CPU.Build.0 = Release|x86
		{7366ACCE-59BC-48A3-B429-5A98E3A7C34C}.Ad-Hoc|Any CPU.Deploy.0 = Release|x86
		{7366ACCE-59BC-48A3-B429-5A98E3A7C34C}.Ad-Hoc|ARM.ActiveCfg = Release|ARM
		{7366ACCE-59BC-48A3-B429-5A98E3A7C34C}.Ad-Hoc|ARM.Build.0 = Release|ARM
		{7366ACCE-59BC-48A3-B429-5A98E3A7C34C}.Ad-Hoc|ARM.Deploy.0 = Release|ARM
		{7366ACCE-59BC-48A3-B429-5A98E3A7C34C}.Ad-Hoc|iPhone.ActiveCfg = Release|x86
		{7366ACCE-59BC-48A3-B429-5A98E3A7C34C}.Ad-Hoc|iPhone.Build.0 = Release|x86
		{7366ACCE-59BC-48A3-B429-5A98E3A7C34C}.Ad-Hoc|iPhone.Deploy.0 = Release|x86
		{7366ACCE-59BC-48A3-B429-5A98E3A7C34C}.Ad-Hoc|iPhoneSimulator.ActiveCfg = Release|x86
		{7366ACCE-59BC-48A3-B429-5A98E3A7C34C}.Ad-Hoc|iPhoneSimulator.Build.0 = Release|x86
		{7366ACCE-59BC-48A3-B429-5A98E3A7C34C}.Ad-Hoc|iPhoneSimulator.Deploy.0 = Release|x86
		{7366ACCE-59BC-48A3-B429-5A98E3A7C34C}.Ad-Hoc|x64.ActiveCfg = Release|x64
		{7366ACCE-59BC-48A3-B429-5A98E3A7C34C}.Ad-Hoc|x64.Build.0 = Release|x64
		{7366ACCE-59BC-48A3-B429-5A98E3A7C34C}.Ad-Hoc|x64.Deploy.0 = Release|x64
		{7366ACCE-59BC-48A3-B429-5A98E3A7C34C}.Ad-Hoc|x86.ActiveCfg = Release|x86
		{7366ACCE-59BC-48A3-B429-5A98E3A7C34C}.Ad-Hoc|x86.Build.0 = Release|x86
		{7366ACCE-59BC-48A3-B429-5A98E3A7C34C}.Ad-Hoc|x86.Deploy.0 = Release|x86
		{7366ACCE-59BC-48A3-B429-5A98E3A7C34C}.AppStore|Any CPU.ActiveCfg = Release|x86
		{7366ACCE-59BC-48A3-B429-5A98E3A7C34C}.AppStore|Any CPU.Build.0 = Release|x86
		{7366ACCE-59BC-48A3-B429-5A98E3A7C34C}.AppStore|Any CPU.Deploy.0 = Release|x86
		{7366ACCE-59BC-48A3-B429-5A98E3A7C34C}.AppStore|ARM.ActiveCfg = Release|ARM
		{7366ACCE-59BC-48A3-B429-5A98E3A7C34C}.AppStore|ARM.Build.0 = Release|ARM
		{7366ACCE-59BC-48A3-B429-5A98E3A7C34C}.AppStore|ARM.Deploy.0 = Release|ARM
		{7366ACCE-59BC-48A3-B429-5A98E3A7C34C}.AppStore|iPhone.ActiveCfg = Release|x86
		{7366ACCE-59BC-48A3-B429-5A98E3A7C34C}.AppStore|iPhone.Build.0 = Release|x86
		{7366ACCE-59BC-48A3-B429-5A98E3A7C34C}.AppStore|iPhone.Deploy.0 = Release|x86
		{7366ACCE-59BC-48A3-B429-5A98E3A7C34C}.AppStore|iPhoneSimulator.ActiveCfg = Release|x86
		{7366ACCE-59BC-48A3-B429-5A98E3A7C34C}.AppStore|iPhoneSimulator.Build.0 = Release|x86
		{7366ACCE-59BC-48A3-B429-5A98E3A7C34C}.AppStore|iPhoneSimulator.Deploy.0 = Release|x86
		{7366ACCE-59BC-48A3-B429-5A98E3A7C34C}.AppStore|x64.ActiveCfg = Release|x64
		{7366ACCE-59BC-48A3-B429-5A98E3A7C34C}.AppStore|x64.Build.0 = Release|x64
		{7366ACCE-59BC-48A3-B429-5A98E3A7C34C}.AppStore|x64.Deploy.0 = Release|x64
		{7366ACCE-59BC-48A3-B429-5A98E3A7C34C}.AppStore|x86.ActiveCfg = Release|x86
		{7366ACCE-59BC-48A3-B429-5A98E3A7C34C}.AppStore|x86.Build.0 = Release|x86
		{7366ACCE-59BC-48A3-B429-5A98E3A7C34C}.AppStore|x86.Deploy.0 = Release|x86
		{7366ACCE-59BC-48A3-B429-5A98E3A7C34C}.Debug|Any CPU.ActiveCfg = Debug|x86
		{7366ACCE-59BC-48A3-B429-5A98E3A7C34C}.Debug|ARM.ActiveCfg = Debug|ARM
		{7366ACCE-59BC-48A3-B429-5A98E3A7C34C}.Debug|ARM.Build.0 = Debug|ARM
		{7366ACCE-59BC-48A3-B429-5A98E3A7C34C}.Debug|ARM.Deploy.0 = Debug|ARM
		{7366ACCE-59BC-48A3-B429-5A98E3A7C34C}.Debug|iPhone.ActiveCfg = Debug|x86
		{7366ACCE-59BC-48A3-B429-5A98E3A7C34C}.Debug|iPhoneSimulator.ActiveCfg = Debug|x86
		{7366ACCE-59BC-48A3-B429-5A98E3A7C34C}.Debug|x64.ActiveCfg = Debug|x64
		{7366ACCE-59BC-48A3-B429-5A98E3A7C34C}.Debug|x64.Build.0 = Debug|x64
		{7366ACCE-59BC-48A3-B429-5A98E3A7C34C}.Debug|x64.Deploy.0 = Debug|x64
		{7366ACCE-59BC-48A3-B429-5A98E3A7C34C}.Debug|x86.ActiveCfg = Debug|x86
		{7366ACCE-59BC-48A3-B429-5A98E3A7C34C}.Debug|x86.Build.0 = Debug|x86
		{7366ACCE-59BC-48A3-B429-5A98E3A7C34C}.Debug|x86.Deploy.0 = Debug|x86
		{7366ACCE-59BC-48A3-B429-5A98E3A7C34C}.Release|Any CPU.ActiveCfg = Release|x86
		{7366ACCE-59BC-48A3-B429-5A98E3A7C34C}.Release|ARM.ActiveCfg = Release|ARM
		{7366ACCE-59BC-48A3-B429-5A98E3A7C34C}.Release|ARM.Build.0 = Release|ARM
		{7366ACCE-59BC-48A3-B429-5A98E3A7C34C}.Release|ARM.Deploy.0 = Release|ARM
		{7366ACCE-59BC-48A3-B429-5A98E3A7C34C}.Release|iPhone.ActiveCfg = Release|x86
		{7366ACCE-59BC-48A3-B429-5A98E3A7C34C}.Release|iPhoneSimulator.ActiveCfg = Release|x86
		{7366ACCE-59BC-48A3-B429-5A98E3A7C34C}.Release|x64.ActiveCfg = Release|x64
		{7366ACCE-59BC-48A3-B429-5A98E3A7C34C}.Release|x64.Build.0 = Release|x64
		{7366ACCE-59BC-48A3-B429-5A98E3A7C34C}.Release|x64.Deploy.0 = Release|x64
		{7366ACCE-59BC-48A3-B429-5A98E3A7C34C}.Release|x86.ActiveCfg = Release|x86
		{7366ACCE-59BC-48A3-B429-5A98E3A7C34C}.Release|x86.Build.0 = Release|x86
		{7366ACCE-59BC-48A3-B429-5A98E3A7C34C}.Release|x86.Deploy.0 = Release|x86
	EndGlobalSection
	GlobalSection(SolutionProperties) = preSolution
		HideSolutionNode = FALSE
	EndGlobalSection
EndGlobal
